
Microsoft Visual Studio Solution File, Format Version 12.00
# Visual Studio Version 17
VisualStudioVersion = 17.5.002.0
MinimumVisualStudioVersion = 10.0.40219.1
Project("{9A19103F-16F7-4668-BE54-9A1E7A4F7556}") = "proyecto de prueba", "proyecto de prueba.csproj", "{E66F0AC5-14F9-4DD7-8286-B78EB58199B0}"
EndProject
Global
	GlobalSection(SolutionConfigurationPlatforms) = preSolution
		Debug|Any CPU = Debug|Any CPU
		Release|Any CPU = Release|Any CPU
	EndGlobalSection
	GlobalSection(ProjectConfigurationPlatforms) = postSolution
		{E66F0AC5-14F9-4DD7-8286-B78EB58199B0}.Debug|Any CPU.ActiveCfg = Debug|Any CPU
		{E66F0AC5-14F9-4DD7-8286-B78EB58199B0}.Debug|Any CPU.Build.0 = Debug|Any CPU
		{E66F0AC5-14F9-4DD7-8286-B78EB58199B0}.Release|Any CPU.ActiveCfg = Release|Any CPU
		{E66F0AC5-14F9-4DD7-8286-B78EB58199B0}.Release|Any CPU.Build.0 = Release|Any CPU
	EndGlobalSection
	GlobalSection(SolutionProperties) = preSolution
		HideSolutionNode = FALSE
	EndGlobalSection
	GlobalSection(ExtensibilityGlobals) = postSolution
		SolutionGuid = {001A96AA-6FA5-4317-B756-23034A967380}
	EndGlobalSection
EndGlobal
